
Microsoft Visual Studio Solution File, Format Version 12.00
# Visual Studio Version 17
VisualStudioVersion = 17.5.002.0
MinimumVisualStudioVersion = 10.0.40219.1
Project("{9A19103F-16F7-4668-BE54-9A1E7A4F7556}") = "task2", "task2.csproj", "{7E2CC185-131F-460D-99EA-A601D7610603}"
EndProject
Global
	GlobalSection(SolutionConfigurationPlatforms) = preSolution
		Debug|Any CPU = Debug|Any CPU
		Release|Any CPU = Release|Any CPU
	EndGlobalSection
	GlobalSection(ProjectConfigurationPlatforms) = postSolution
		{7E2CC185-131F-460D-99EA-A601D7610603}.Debug|Any CPU.ActiveCfg = Debug|Any CPU
		{7E2CC185-131F-460D-99EA-A601D7610603}.Debug|Any CPU.Build.0 = Debug|Any CPU
		{7E2CC185-131F-460D-99EA-A601D7610603}.Release|Any CPU.ActiveCfg = Release|Any CPU
		{7E2CC185-131F-460D-99EA-A601D7610603}.Release|Any CPU.Build.0 = Release|Any CPU
	EndGlobalSection
	GlobalSection(SolutionProperties) = preSolution
		HideSolutionNode = FALSE
	EndGlobalSection
	GlobalSection(ExtensibilityGlobals) = postSolution
		SolutionGuid = {7A263FE5-6F54-4BF2-8E4A-DE4A9B0A1276}
	EndGlobalSection
EndGlobal
